
Microsoft Visual Studio Solution File, Format Version 12.00
# Visual Studio Version 16
VisualStudioVersion = 16.0.30804.86
MinimumVisualStudioVersion = 10.0.40219.1
Project("{FAE04EC0-301F-11D3-BF4B-00C04F79EFBC}") = "Website", "Website\Website.csproj", "{DD4FDAAB-91A5-4088-BA4C-9AF273B2D21C}"
EndProject
Project("{FAE04EC0-301F-11D3-BF4B-00C04F79EFBC}") = "App.Dal", "App.Dal\App.Dal.csproj", "{4C3D252B-45E5-4DD4-B2E7-EC2D5F2258DB}"
EndProject
Project("{FAE04EC0-301F-11D3-BF4B-00C04F79EFBC}") = "App.Static", "App.Static\App.Static.csproj", "{52B4144E-65B5-4918-ABAA-DF8F5527356D}"
EndProject
Project("{FAE04EC0-301F-11D3-BF4B-00C04F79EFBC}") = "App.VM", "App.VM\App.VM.csproj", "{64FDD7F5-CEE4-4F28-B2AA-E1E9E793F6F3}"
EndProject
Project("{FAE04EC0-301F-11D3-BF4B-00C04F79EFBC}") = "App.Service", "App.Service\App.Service.csproj", "{92830A5D-DA61-46A5-91F0-1D1F1CC9EDF2}"
EndProject
Global
	GlobalSection(SolutionConfigurationPlatforms) = preSolution
		Debug|Any CPU = Debug|Any CPU
		Release|Any CPU = Release|Any CPU
	EndGlobalSection
	GlobalSection(ProjectConfigurationPlatforms) = postSolution
		{DD4FDAAB-91A5-4088-BA4C-9AF273B2D21C}.Debug|Any CPU.ActiveCfg = Debug|Any CPU
		{DD4FDAAB-91A5-4088-BA4C-9AF273B2D21C}.Debug|Any CPU.Build.0 = Debug|Any CPU
		{DD4FDAAB-91A5-4088-BA4C-9AF273B2D21C}.Release|Any CPU.ActiveCfg = Release|Any CPU
		{DD4FDAAB-91A5-4088-BA4C-9AF273B2D21C}.Release|Any CPU.Build.0 = Release|Any CPU
		{4C3D252B-45E5-4DD4-B2E7-EC2D5F2258DB}.Debug|Any CPU.ActiveCfg = Debug|Any CPU
		{4C3D252B-45E5-4DD4-B2E7-EC2D5F2258DB}.Debug|Any CPU.Build.0 = Debug|Any CPU
		{4C3D252B-45E5-4DD4-B2E7-EC2D5F2258DB}.Release|Any CPU.ActiveCfg = Release|Any CPU
		{4C3D252B-45E5-4DD4-B2E7-EC2D5F2258DB}.Release|Any CPU.Build.0 = Release|Any CPU
		{52B4144E-65B5-4918-ABAA-DF8F5527356D}.Debug|Any CPU.ActiveCfg = Debug|Any CPU
		{52B4144E-65B5-4918-ABAA-DF8F5527356D}.Debug|Any CPU.Build.0 = Debug|Any CPU
		{52B4144E-65B5-4918-ABAA-DF8F5527356D}.Release|Any CPU.ActiveCfg = Release|Any CPU
		{52B4144E-65B5-4918-ABAA-DF8F5527356D}.Release|Any CPU.Build.0 = Release|Any CPU
		{64FDD7F5-CEE4-4F28-B2AA-E1E9E793F6F3}.Debug|Any CPU.ActiveCfg = Debug|Any CPU
		{64FDD7F5-CEE4-4F28-B2AA-E1E9E793F6F3}.Debug|Any CPU.Build.0 = Debug|Any CPU
		{64FDD7F5-CEE4-4F28-B2AA-E1E9E793F6F3}.Release|Any CPU.ActiveCfg = Release|Any CPU
		{64FDD7F5-CEE4-4F28-B2AA-E1E9E793F6F3}.Release|Any CPU.Build.0 = Release|Any CPU
		{92830A5D-DA61-46A5-91F0-1D1F1CC9EDF2}.Debug|Any CPU.ActiveCfg = Debug|Any CPU
		{92830A5D-DA61-46A5-91F0-1D1F1CC9EDF2}.Debug|Any CPU.Build.0 = Debug|Any CPU
		{92830A5D-DA61-46A5-91F0-1D1F1CC9EDF2}.Release|Any CPU.ActiveCfg = Release|Any CPU
		{92830A5D-DA61-46A5-91F0-1D1F1CC9EDF2}.Release|Any CPU.Build.0 = Release|Any CPU
	EndGlobalSection
	GlobalSection(SolutionProperties) = preSolution
		HideSolutionNode = FALSE
	EndGlobalSection
	GlobalSection(ExtensibilityGlobals) = postSolution
		SolutionGuid = {EB6CD4FC-E418-4652-8CC4-0A895B122C2B}
	EndGlobalSection
EndGlobal
